{
  "name": "@bizarre/design-system-workspace",
  "version": "0.0.0",
  "lockfileVersion": 3,
  "requires": true,
  "packages": {
    "": {
      "name": "@bizarre/design-system-workspace",
      "version": "0.0.0",
      "license": "MIT",
      "workspaces": [
        "packages/*"
      ],
      "engines": {
        "node": ">=22"
      }
    },
    "node_modules/@bizarre/assets": {
      "resolved": "packages/assets",
      "link": true
    },
    "node_modules/@bizarre/atlas": {
      "resolved": "packages/atlas",
      "link": true
    },
    "node_modules/@bizarre/open-design": {
      "resolved": "packages/open-design",
      "link": true
    },
    "node_modules/@bizarre/tokens": {
      "resolved": "packages/tokens",
      "link": true
    },
    "node_modules/@bizarre/ui": {
      "resolved": "packages/ui",
      "link": true
    },
    "packages/assets": {
      "name": "@bizarre/assets",
      "version": "0.1.0",
      "license": "MIT"
    },
    "packages/atlas": {
      "name": "@bizarre/atlas",
      "version": "0.1.0",
      "license": "MIT"
    },
    "packages/open-design": {
      "name": "@bizarre/open-design",
      "version": "0.1.0",
      "license": "MIT"
    },
    "packages/tokens": {
      "name": "@bizarre/tokens",
      "version": "0.1.0",
      "license": "MIT"
    },
    "packages/ui": {
      "name": "@bizarre/ui",
      "version": "0.2.0",
      "license": "MIT",
      "peerDependencies": {
        "@bizarre/assets": ">=0.1.0",
        "@bizarre/tokens": ">=0.1.0"
      }
    }
  }
}
